// !$*UTF8*$!
{
	archiveVersion = 1;
	classes = {
	};
	objectVersion = 77;
	objects = {

/* Begin PBXContainerItemProxy section */
		48E4B4042CE67EF2001F4294 /* PBXContainerItemProxy */ = {
			isa = PBXContainerItemProxy;
			containerPortal = 48E4B3E52CE67EF0001F4294 /* Project object */;
			proxyType = 1;
			remoteGlobalIDString = 48E4B3EC2CE67EF0001F4294;
			remoteInfo = UISwitchEx;
		};
		48E4B40E2CE67EF2001F4294 /* PBXContainerItemProxy */ = {
			isa = PBXContainerItemProxy;
			containerPortal = 48E4B3E52CE67EF0001F4294 /* Project object */;
			proxyType = 1;
			remoteGlobalIDString = 48E4B3EC2CE67EF0001F4294;
			remoteInfo = UISwitchEx;
		};
/* End PBXContainerItemProxy section */

/* Begin PBXFileReference section */
		48E4B3ED2CE67EF0001F4294 /* UISwitchEx.app */ = {isa = PBXFileReference; explicitFileType = wrapper.application; includeInIndex = 0; path = UISwitchEx.app; sourceTree = BUILT_PRODUCTS_DIR; };
		48E4B4032CE67EF2001F4294 /* UISwitchExTests.xctest */ = {isa = PBXFileReference; explicitFileType = wrapper.cfbundle; includeInIndex = 0; path = UISwitchExTests.xctest; sourceTree = BUILT_PRODUCTS_DIR; };
		48E4B40D2CE67EF2001F4294 /* UISwitchExUITests.xctest */ = {isa = PBXFileReference; explicitFileType = wrapper.cfbundle; includeInIndex = 0; path = UISwitchExUITests.xctest; sourceTree = BUILT_PRODUCTS_DIR; };
/* End PBXFileReference section */

/* Begin PBXFileSystemSynchronizedBuildFileExceptionSet section */
		48E4B4152CE67EF2001F4294 /* Exceptions for "UISwitchEx" folder in "UISwitchEx" target */ = {
			isa = PBXFileSystemSynchronizedBuildFileExceptionSet;
			membershipExceptions = (
				Info.plist,
			);
			target = 48E4B3EC2CE67EF0001F4294 /* UISwitchEx */;
		};
/* End PBXFileSystemSynchronizedBuildFileExceptionSet section */

/* Begin PBXFileSystemSynchronizedRootGroup section */
		48E4B3EF2CE67EF0001F4294 /* UISwitchEx */ = {
			isa = PBXFileSystemSynchronizedRootGroup;
			exceptions = (
				48E4B4152CE67EF2001F4294 /* Exceptions for "UISwitchEx" folder in "UISwitchEx" target */,
			);
			path = UISwitchEx;
			sourceTree = "<group>";
		};
		48E4B4062CE67EF2001F4294 /* UISwitchExTests */ = {
			isa = PBXFileSystemSynchronizedRootGroup;
			path = UISwitchExTests;
			sourceTree = "<group>";
		};
		48E4B4102CE67EF2001F4294 /* UISwitchExUITests */ = {
			isa = PBXFileSystemSynchronizedRootGroup;
			path = UISwitchExUITests;
			sourceTree = "<group>";
		};
/* End PBXFileSystemSynchronizedRootGroup section */

/* Begin PBXFrameworksBuildPhase section */
		48E4B3EA2CE67EF0001F4294 /* Frameworks */ = {
			isa = PBXFrameworksBuildPhase;
			buildActionMask = 2147483647;
			files = (
			);
			runOnlyForDeploymentPostprocessing = 0;
		};
		48E4B4002CE67EF2001F4294 /* Frameworks */ = {
			isa = PBXFrameworksBuildPhase;
			buildActionMask = 2147483647;
			files = (
			);
			runOnlyForDeploymentPostprocessing = 0;
		};
		48E4B40A2CE67EF2001F4294 /* Frameworks */ = {
			isa = PBXFrameworksBuildPhase;
			buildActionMask = 2147483647;
			files = (
			);
			runOnlyForDeploymentPostprocessing = 0;
		};
/* End PBXFrameworksBuildPhase section */

/* Begin PBXGroup section */
		48E4B3E42CE67EF0001F4294 = {
			isa = PBXGroup;
			children = (
				48E4B3EF2CE67EF0001F4294 /* UISwitchEx */,
				48E4B4062CE67EF2001F4294 /* UISwitchExTests */,
				48E4B4102CE67EF2001F4294 /* UISwitchExUITests */,
				48E4B3EE2CE67EF0001F4294 /* Products */,
			);
			sourceTree = "<group>";
		};
		48E4B3EE2CE67EF0001F4294 /* Products */ = {
			isa = PBXGroup;
			children = (
				48E4B3ED2CE67EF0001F4294 /* UISwitchEx.app */,
				48E4B4032CE67EF2001F4294 /* UISwitchExTests.xctest */,
				48E4B40D2CE67EF2001F4294 /* UISwitchExUITests.xctest */,
			);
			name = Products;
			sourceTree = "<group>";
		};
/* End PBXGroup section */

/* Begin PBXNativeTarget section */
		48E4B3EC2CE67EF0001F4294 /* UISwitchEx */ = {
			isa = PBXNativeTarget;
			buildConfigurationList = 48E4B4162CE67EF2001F4294 /* Build configuration list for PBXNativeTarget "UISwitchEx" */;
			buildPhases = (
				48E4B3E92CE67EF0001F4294 /* Sources */,
				48E4B3EA2CE67EF0001F4294 /* Frameworks */,
				48E4B3EB2CE67EF0001F4294 /* Resources */,
			);
			buildRules = (
			);
			dependencies = (
			);
			fileSystemSynchronizedGroups = (
				48E4B3EF2CE67EF0001F4294 /* UISwitchEx */,
			);
			name = UISwitchEx;
			packageProductDependencies = (
			);
			productName = UISwitchEx;
			productReference = 48E4B3ED2CE67EF0001F4294 /* UISwitchEx.app */;
			productType = "com.apple.product-type.application";
		};
		48E4B4022CE67EF2001F4294 /* UISwitchExTests */ = {
			isa = PBXNativeTarget;
			buildConfigurationList = 48E4B41B2CE67EF2001F4294 /* Build configuration list for PBXNativeTarget "UISwitchExTests" */;
			buildPhases = (
				48E4B3FF2CE67EF2001F4294 /* Sources */,
				48E4B4002CE67EF2001F4294 /* Frameworks */,
				48E4B4012CE67EF2001F4294 /* Resources */,
			);
			buildRules = (
			);
			dependencies = (
				48E4B4052CE67EF2001F4294 /* PBXTargetDependency */,
			);
			fileSystemSynchronizedGroups = (
				48E4B4062CE67EF2001F4294 /* UISwitchExTests */,
			);
			name = UISwitchExTests;
			packageProductDependencies = (
			);
			productName = UISwitchExTests;
			productReference = 48E4B4032CE67EF2001F4294 /* UISwitchExTests.xctest */;
			productType = "com.apple.product-type.bundle.unit-test";
		};
		48E4B40C2CE67EF2001F4294 /* UISwitchExUITests */ = {
			isa = PBXNativeTarget;
			buildConfigurationList = 48E4B41E2CE67EF2001F4294 /* Build configuration list for PBXNativeTarget "UISwitchExUITests" */;
			buildPhases = (
				48E4B4092CE67EF2001F4294 /* Sources */,
				48E4B40A2CE67EF2001F4294 /* Frameworks */,
				48E4B40B2CE67EF2001F4294 /* Resources */,
			);
			buildRules = (
			);
			dependencies = (
				48E4B40F2CE67EF2001F4294 /* PBXTargetDependency */,
			);
			fileSystemSynchronizedGroups = (
				48E4B4102CE67EF2001F4294 /* UISwitchExUITests */,
			);
			name = UISwitchExUITests;
			packageProductDependencies = (
			);
			productName = UISwitchExUITests;
			productReference = 48E4B40D2CE67EF2001F4294 /* UISwitchExUITests.xctest */;
			productType = "com.apple.product-type.bundle.ui-testing";
		};
/* End PBXNativeTarget section */

/* Begin PBXProject section */
		48E4B3E52CE67EF0001F4294 /* Project object */ = {
			isa = PBXProject;
			attributes = {
				BuildIndependentTargetsInParallel = 1;
				LastSwiftUpdateCheck = 1610;
				LastUpgradeCheck = 1610;
				TargetAttributes = {
					48E4B3EC2CE67EF0001F4294 = {
						CreatedOnToolsVersion = 16.1;
					};
					48E4B4022CE67EF2001F4294 = {
						CreatedOnToolsVersion = 16.1;
						TestTargetID = 48E4B3EC2CE67EF0001F4294;
					};
					48E4B40C2CE67EF2001F4294 = {
						CreatedOnToolsVersion = 16.1;
						TestTargetID = 48E4B3EC2CE67EF0001F4294;
					};
				};
			};
			buildConfigurationList = 48E4B3E82CE67EF0001F4294 /* Build configuration list for PBXProject "UISwitchEx" */;
			developmentRegion = en;
			hasScannedForEncodings = 0;
			knownRegions = (
				en,
				Base,
			);
			mainGroup = 48E4B3E42CE67EF0001F4294;
			minimizedProjectReferenceProxies = 1;
			preferredProjectObjectVersion = 77;
			productRefGroup = 48E4B3EE2CE67EF0001F4294 /* Products */;
			projectDirPath = "";
			projectRoot = "";
			targets = (
				48E4B3EC2CE67EF0001F4294 /* UISwitchEx */,
				48E4B4022CE67EF2001F4294 /* UISwitchExTests */,
				48E4B40C2CE67EF2001F4294 /* UISwitchExUITests */,
			);
		};
/* End PBXProject section */

/* Begin PBXResourcesBuildPhase section */
		48E4B3EB2CE67EF0001F4294 /* Resources */ = {
			isa = PBXResourcesBuildPhase;
			buildActionMask = 2147483647;
			files = (
			);
			runOnlyForDeploymentPostprocessing = 0;
		};
		48E4B4012CE67EF2001F4294 /* Resources */ = {
			isa = PBXResourcesBuildPhase;
			buildActionMask = 2147483647;
			files = (
			);
			runOnlyForDeploymentPostprocessing = 0;
		};
		48E4B40B2CE67EF2001F4294 /* Resources */ = {
			isa = PBXResourcesBuildPhase;
			buildActionMask = 2147483647;
			files = (
			);
			runOnlyForDeploymentPostprocessing = 0;
		};
/* End PBXResourcesBuildPhase section */

/* Begin PBXSourcesBuildPhase section */
		48E4B3E92CE67EF0001F4294 /* Sources */ = {
			isa = PBXSourcesBuildPhase;
			buildActionMask = 2147483647;
			files = (
			);
			runOnlyForDeploymentPostprocessing = 0;
		};
		48E4B3FF2CE67EF2001F4294 /* Sources */ = {
			isa = PBXSourcesBuildPhase;
			buildActionMask = 2147483647;
			files = (
			);
			runOnlyForDeploymentPostprocessing = 0;
		};
		48E4B4092CE67EF2001F4294 /* Sources */ = {
			isa = PBXSourcesBuildPhase;
			buildActionMask = 2147483647;
			files = (
			);
			runOnlyForDeploymentPostprocessing = 0;
		};
/* End PBXSourcesBuildPhase section */

/* Begin PBXTargetDependency section */
		48E4B4052CE67EF2001F4294 /* PBXTargetDependency */ = {
			isa = PBXTargetDependency;
			target = 48E4B3EC2CE67EF0001F4294 /* UISwitchEx */;
			targetProxy = 48E4B4042CE67EF2001F4294 /* PBXContainerItemProxy */;
		};
		48E4B40F2CE67EF2001F4294 /* PBXTargetDependency */ = {
			isa = PBXTargetDependency;
			target = 48E4B3EC2CE67EF0001F4294 /* UISwitchEx */;
			targetProxy = 48E4B40E2CE67EF2001F4294 /* PBXContainerItemProxy */;
		};
/* End PBXTargetDependency section */

/* Begin XCBuildConfiguration section */
		48E4B4172CE67EF2001F4294 /* Debug */ = {
			isa = XCBuildConfiguration;
			buildSettings = {
				ASSETCATALOG_COMPILER_APPICON_NAME = AppIcon;
				ASSETCATALOG_COMPILER_GLOBAL_ACCENT_COLOR_NAME = AccentColor;
				CODE_SIGN_STYLE = Automatic;
				CURRENT_PROJECT_VERSION = 1;
				DEVELOPMENT_TEAM = 55JW9PZ4J9;
				GENERATE_INFOPLIST_FILE = YES;
				INFOPLIST_FILE = UISwitchEx/Info.plist;
				INFOPLIST_KEY_UIApplicationSupportsIndirectInputEvents = YES;
				INFOPLIST_KEY_UILaunchStoryboardName = LaunchScreen;
				INFOPLIST_KEY_UIMainStoryboardFile = Main;
				INFOPLIST_KEY_UISupportedInterfaceOrientations_iPad = "UIInterfaceOrientationPortrait UIInterfaceOrientationPortraitUpsideDown UIInterfaceOrientationLandscapeLeft UIInterfaceOrientationLandscapeRight";
				INFOPLIST_KEY_UISupportedInterfaceOrientations_iPhone = "UIInterfaceOrientationPortrait UIInterfaceOrientationLandscapeLeft UIInterfaceOrientationLandscapeRight";
				LD_RUNPATH_SEARCH_PATHS = (
					"$(inherited)",
					"@executable_path/Frameworks",
				);
				MARKETING_VERSION = 1.0;
				PRODUCT_BUNDLE_IDENTIFIER = com.yourcompany.UISwitchEx;
				PRODUCT_NAME = "$(TARGET_NAME)";
				SWIFT_EMIT_LOC_STRINGS = YES;
				SWIFT_VERSION = 5.0;
				TARGETED_DEVICE_FAMILY = "1,2";
			};
			name = Debug;
		};
		48E4B4182CE67EF2001F4294 /* Release */ = {
			isa = XCBuildConfiguration;
			buildSettings = {
				ASSETCATALOG_COMPILER_APPICON_NAME = AppIcon;
				ASSETCATALOG_COMPILER_GLOBAL_ACCENT_COLOR_NAME = AccentColor;
				CODE_SIGN_STYLE = Automatic;
				CURRENT_PROJECT_VERSION = 1;
				DEVELOPMENT_TEAM = 55JW9PZ4J9;
				GENERATE_INFOPLIST_FILE = YES;
				INFOPLIST_FILE = UISwitchEx/Info.plist;
				INFOPLIST_KEY_UIApplicationSupportsIndirectInputEvents = YES;
				INFOPLIST_KEY_UILaunchStoryboardName = LaunchScreen;
				INFOPLIST_KEY_UIMainStoryboardFile = Main;
				INFOPLIST_KEY_UISupportedInterfaceOrientations_iPad = "UIInterfaceOrientationPortrait UIInterfaceOrientationPortraitUpsideDown UIInterfaceOrientationLandscapeLeft UIInterfaceOrientationLandscapeRight";
				INFOPLIST_KEY_UISupportedInterfaceOrientations_iPhone = "UIInterfaceOrientationPortrait UIInterfaceOrientationLandscapeLeft UIInterfaceOrientationLandscapeRight";
				LD_RUNPATH_SEARCH_PATHS = (
					"$(inherited)",
					"@executable_path/Frameworks",
				);
				MARKETING_VERSION = 1.0;
				PRODUCT_BUNDLE_IDENTIFIER = com.yourcompany.UISwitchEx;
				PRODUCT_NAME = "$(TARGET_NAME)";
				SWIFT_EMIT_LOC_STRINGS = YES;
				SWIFT_VERSION = 5.0;
				TARGETED_DEVICE_FAMILY = "1,2";
			};
			name = Release;
		};
		48E4B4192CE67EF2001F4294 /* Debug */ = {
			isa = XCBuildConfiguration;
			buildSettings = {
				ALWAYS_SEARCH_USER_PATHS = NO;
				ASSETCATALOG_COMPILER_GENERATE_SWIFT_ASSET_SYMBOL_EXTENSIONS = YES;
				CLANG_ANALYZER_NONNULL = YES;
				CLANG_ANALYZER_NUMBER_OBJECT_CONVERSION = YES_AGGRESSIVE;
				CLANG_CXX_LANGUAGE_STANDARD = "gnu++20";
				CLANG_ENABLE_MODULES = YES;
				CLANG_ENABLE_OBJC_ARC = YES;
				CLANG_ENABLE_OBJC_WEAK = YES;
				CLANG_WARN_BLOCK_CAPTURE_AUTORELEASING = YES;
				CLANG_WARN_BOOL_CONVERSION = YES;
				CLANG_WARN_COMMA = YES;
				CLANG_WARN_CONSTANT_CONVERSION = YES;
				CLANG_WARN_DEPRECATED_OBJC_IMPLEMENTATIONS = YES;
				CLANG_WARN_DIRECT_OBJC_ISA_USAGE = YES_ERROR;
				CLANG_WARN_DOCUMENTATION_COMMENTS = YES;
				CLANG_WARN_EMPTY_BODY = YES;
				CLANG_WARN_ENUM_CONVERSION = YES;
				CLANG_WARN_INFINITE_RECURSION = YES;
				CLANG_WARN_INT_CONVERSION = YES;
				CLANG_WARN_NON_LITERAL_NULL_CONVERSION = YES;
				CLANG_WARN_OBJC_IMPLICIT_RETAIN_SELF = YES;
				CLANG_WARN_OBJC_LITERAL_CONVERSION = YES;
				CLANG_WARN_OBJC_ROOT_CLASS = YES_ERROR;
				CLANG_WARN_QUOTED_INCLUDE_IN_FRAMEWORK_HEADER = YES;
				CLANG_WARN_RANGE_LOOP_ANALYSIS = YES;
				CLANG_WARN_STRICT_PROTOTYPES = YES;
				CLANG_WARN_SUSPICIOUS_MOVE = YES;
				CLANG_WARN_UNGUARDED_AVAILABILITY = YES_AGGRESSIVE;
				CLANG_WARN_UNREACHABLE_CODE = YES;
				CLANG_WARN__DUPLICATE_METHOD_MATCH = YES;
				COPY_PHASE_STRIP = NO;
				DEBUG_INFORMATION_FORMAT = dwarf;
				ENABLE_STRICT_OBJC_MSGSEND = YES;
				ENABLE_TESTABILITY = YES;
				ENABLE_USER_SCRIPT_SANDBOXING = YES;
				GCC_C_LANGUAGE_STANDARD = gnu17;
				GCC_DYNAMIC_NO_PIC = NO;
				GCC_NO_COMMON_BLOCKS = YES;
				GCC_OPTIMIZATION_LEVEL = 0;
				GCC_PREPROCESSOR_DEFINITIONS = (
					"DEBUG=1",
					"$(inherited)",
				);
				GCC_WARN_64_TO_32_BIT_CONVERSION = YES;
				GCC_WARN_ABOUT_RETURN_TYPE = YES_ERROR;
				GCC_WARN_UNDECLARED_SELECTOR = YES;
				GCC_WARN_UNINITIALIZED_AUTOS = YES_AGGRESSIVE;
				GCC_WARN_UNUSED_FUNCTION = YES;
				GCC_WARN_UNUSED_VARIABLE = YES;
				IPHONEOS_DEPLOYMENT_TARGET = 18.1;
				LOCALIZATION_PREFERS_STRING_CATALOGS = YES;
				MTL_ENABLE_DEBUG_INFO = INCLUDE_SOURCE;
				MTL_FAST_MATH = YES;
				ONLY_ACTIVE_ARCH = YES;
				SDKROOT = iphoneos;
				SWIFT_ACTIVE_COMPILATION_CONDITIONS = "DEBUG $(inherited)";
				SWIFT_OPTIMIZATION_LEVEL = "-Onone";
			};
			name = Debug;
		};
		48E4B41A2CE67EF2001F4294 /* Release */ = {
			isa = XCBuildConfiguration;
			buildSettings = {
				ALWAYS_SEARCH_USER_PATHS = NO;
				ASSETCATALOG_COMPILER_GENERATE_SWIFT_ASSET_SYMBOL_EXTENSIONS = YES;
				CLANG_ANALYZER_NONNULL = YES;
				CLANG_ANALYZER_NUMBER_OBJECT_CONVERSION = YES_AGGRESSIVE;
				CLANG_CXX_LANGUAGE_STANDARD = "gnu++20";
				CLANG_ENABLE_MODULES = YES;
				CLANG_ENABLE_OBJC_ARC = YES;
				CLANG_ENABLE_OBJC_WEAK = YES;
				CLANG_WARN_BLOCK_CAPTURE_AUTORELEASING = YES;
				CLANG_WARN_BOOL_CONVERSION = YES;
				CLANG_WARN_COMMA = YES;
				CLANG_WARN_CONSTANT_CONVERSION = YES;
				CLANG_WARN_DEPRECATED_OBJC_IMPLEMENTATIONS = YES;
				CLANG_WARN_DIRECT_OBJC_ISA_USAGE = YES_ERROR;
				CLANG_WARN_DOCUMENTATION_COMMENTS = YES;
				CLANG_WARN_EMPTY_BODY = YES;
				CLANG_WARN_ENUM_CONVERSION = YES;
				CLANG_WARN_INFINITE_RECURSION = YES;
				CLANG_WARN_INT_CONVERSION = YES;
				CLANG_WARN_NON_LITERAL_NULL_CONVERSION = YES;
				CLANG_WARN_OBJC_IMPLICIT_RETAIN_SELF = YES;
				CLANG_WARN_OBJC_LITERAL_CONVERSION = YES;
				CLANG_WARN_OBJC_ROOT_CLASS = YES_ERROR;
				CLANG_WARN_QUOTED_INCLUDE_IN_FRAMEWORK_HEADER = YES;
				CLANG_WARN_RANGE_LOOP_ANALYSIS = YES;
				CLANG_WARN_STRICT_PROTOTYPES = YES;
				CLANG_WARN_SUSPICIOUS_MOVE = YES;
				CLANG_WARN_UNGUARDED_AVAILABILITY = YES_AGGRESSIVE;
				CLANG_WARN_UNREACHABLE_CODE = YES;
				CLANG_WARN__DUPLICATE_METHOD_MATCH = YES;
				COPY_PHASE_STRIP = NO;
				DEBUG_INFORMATION_FORMAT = "dwarf-with-dsym";
				ENABLE_NS_ASSERTIONS = NO;
				ENABLE_STRICT_OBJC_MSGSEND = YES;
				ENABLE_USER_SCRIPT_SANDBOXING = YES;
				GCC_C_LANGUAGE_STANDARD = gnu17;
				GCC_NO_COMMON_BLOCKS = YES;
				GCC_WARN_64_TO_32_BIT_CONVERSION = YES;
				GCC_WARN_ABOUT_RETURN_TYPE = YES_ERROR;
				GCC_WARN_UNDECLARED_SELECTOR = YES;
				GCC_WARN_UNINITIALIZED_AUTOS = YES_AGGRESSIVE;
				GCC_WARN_UNUSED_FUNCTION = YES;
				GCC_WARN_UNUSED_VARIABLE = YES;
				IPHONEOS_DEPLOYMENT_TARGET = 18.1;
				LOCALIZATION_PREFERS_STRING_CATALOGS = YES;
				MTL_ENABLE_DEBUG_INFO = NO;
				MTL_FAST_MATH = YES;
				SDKROOT = iphoneos;
				SWIFT_COMPILATION_MODE = wholemodule;
				VALIDATE_PRODUCT = YES;
			};
			name = Release;
		};
		48E4B41C2CE67EF2001F4294 /* Debug */ = {
			isa = XCBuildConfiguration;
			buildSettings = {
				BUNDLE_LOADER = "$(TEST_HOST)";
				CODE_SIGN_STYLE = Automatic;
				CURRENT_PROJECT_VERSION = 1;
				DEVELOPMENT_TEAM = 55JW9PZ4J9;
				GENERATE_INFOPLIST_FILE = YES;
				IPHONEOS_DEPLOYMENT_TARGET = 18.1;
				MARKETING_VERSION = 1.0;
				PRODUCT_BUNDLE_IDENTIFIER = com.yourcompany.UISwitchExTests;
				PRODUCT_NAME = "$(TARGET_NAME)";
				SWIFT_EMIT_LOC_STRINGS = NO;
				SWIFT_VERSION = 5.0;
				TARGETED_DEVICE_FAMILY = "1,2";
				TEST_HOST = "$(BUILT_PRODUCTS_DIR)/UISwitchEx.app/$(BUNDLE_EXECUTABLE_FOLDER_PATH)/UISwitchEx";
			};
			name = Debug;
		};
		48E4B41D2CE67EF2001F4294 /* Release */ = {
			isa = XCBuildConfiguration;
			buildSettings = {
				BUNDLE_LOADER = "$(TEST_HOST)";
				CODE_SIGN_STYLE = Automatic;
				CURRENT_PROJECT_VERSION = 1;
				DEVELOPMENT_TEAM = 55JW9PZ4J9;
				GENERATE_INFOPLIST_FILE = YES;
				IPHONEOS_DEPLOYMENT_TARGET = 18.1;
				MARKETING_VERSION = 1.0;
				PRODUCT_BUNDLE_IDENTIFIER = com.yourcompany.UISwitchExTests;
				PRODUCT_NAME = "$(TARGET_NAME)";
				SWIFT_EMIT_LOC_STRINGS = NO;
				SWIFT_VERSION = 5.0;
				TARGETED_DEVICE_FAMILY = "1,2";
				TEST_HOST = "$(BUILT_PRODUCTS_DIR)/UISwitchEx.app/$(BUNDLE_EXECUTABLE_FOLDER_PATH)/UISwitchEx";
			};
			name = Release;
		};
		48E4B41F2CE67EF2001F4294 /* Debug */ = {
			isa = XCBuildConfiguration;
			buildSettings = {
				CODE_SIGN_STYLE = Automatic;
				CURRENT_PROJECT_VERSION = 1;
				DEVELOPMENT_TEAM = 55JW9PZ4J9;
				GENERATE_INFOPLIST_FILE = YES;
				MARKETING_VERSION = 1.0;
				PRODUCT_BUNDLE_IDENTIFIER = com.yourcompany.UISwitchExUITests;
				PRODUCT_NAME = "$(TARGET_NAME)";
				SWIFT_EMIT_LOC_STRINGS = NO;
				SWIFT_VERSION = 5.0;
				TARGETED_DEVICE_FAMILY = "1,2";
				TEST_TARGET_NAME = UISwitchEx;
			};
			name = Debug;
		};
		48E4B4202CE67EF2001F4294 /* Release */ = {
			isa = XCBuildConfiguration;
			buildSettings = {
				CODE_SIGN_STYLE = Automatic;
				CURRENT_PROJECT_VERSION = 1;
				DEVELOPMENT_TEAM = 55JW9PZ4J9;
				GENERATE_INFOPLIST_FILE = YES;
				MARKETING_VERSION = 1.0;
				PRODUCT_BUNDLE_IDENTIFIER = com.yourcompany.UISwitchExUITests;
				PRODUCT_NAME = "$(TARGET_NAME)";
				SWIFT_EMIT_LOC_STRINGS = NO;
				SWIFT_VERSION = 5.0;
				TARGETED_DEVICE_FAMILY = "1,2";
				TEST_TARGET_NAME = UISwitchEx;
			};
			name = Release;
		};
/* End XCBuildConfiguration section */

/* Begin XCConfigurationList section */
		48E4B3E82CE67EF0001F4294 /* Build configuration list for PBXProject "UISwitchEx" */ = {
			isa = XCConfigurationList;
			buildConfigurations = (
				48E4B4192CE67EF2001F4294 /* Debug */,
				48E4B41A2CE67EF2001F4294 /* Release */,
			);
			defaultConfigurationIsVisible = 0;
			defaultConfigurationName = Release;
		};
		48E4B4162CE67EF2001F4294 /* Build configuration list for PBXNativeTarget "UISwitchEx" */ = {
			isa = XCConfigurationList;
			buildConfigurations = (
				48E4B4172CE67EF2001F4294 /* Debug */,
				48E4B4182CE67EF2001F4294 /* Release */,
			);
			defaultConfigurationIsVisible = 0;
			defaultConfigurationName = Release;
		};
		48E4B41B2CE67EF2001F4294 /* Build configuration list for PBXNativeTarget "UISwitchExTests" */ = {
			isa = XCConfigurationList;
			buildConfigurations = (
				48E4B41C2CE67EF2001F4294 /* Debug */,
				48E4B41D2CE67EF2001F4294 /* Release */,
			);
			defaultConfigurationIsVisible = 0;
			defaultConfigurationName = Release;
		};
		48E4B41E2CE67EF2001F4294 /* Build configuration list for PBXNativeTarget "UISwitchExUITests" */ = {
			isa = XCConfigurationList;
			buildConfigurations = (
				48E4B41F2CE67EF2001F4294 /* Debug */,
				48E4B4202CE67EF2001F4294 /* Release */,
			);
			defaultConfigurationIsVisible = 0;
			defaultConfigurationName = Release;
		};
/* End XCConfigurationList section */
	};
	rootObject = 48E4B3E52CE67EF0001F4294 /* Project object */;
}
